Microsoft Visual Studio Solution File, Format Version 12.00
# Visual Studio Version 16
VisualStudioVersion = 16.0.30204.135
MinimumVisualStudioVersion = 10.0.40219.1
Project("{9A19103F-16F7-4668-BE54-9A1E7A4F7556}") = "ChatBot.Domain", "src\ChatBot.Domain\ChatBot.Domain.csproj", "{11AE79E4-DD5E-421A-A6D3-2C2CE558038F}"
EndProject
Project("{9A19103F-16F7-4668-BE54-9A1E7A4F7556}") = "ChatBot.Entities", "src\ChatBot.Entities\ChatBot.Entities.csproj", "{30B8429A-28EC-41E5-8FCC-C0A187C7B7ED}"
EndProject
Project("{2150E333-8FDC-42A3-9474-1A3956D46DE8}") = "src", "src", "{2FD0B5D1-0434-410E-B817-9DCE0221272D}"
EndProject
Project("{2150E333-8FDC-42A3-9474-1A3956D46DE8}") = "test", "test", "{DF543718-50D1-4E7F-ABD9-55CE51CBADC4}"
EndProject
Project("{2150E333-8FDC-42A3-9474-1A3956D46DE8}") = "deploy", "deploy", "{3E720358-BFC9-4961-9140-E177FA48DF8A}"
EndProject
Project("{9A19103F-16F7-4668-BE54-9A1E7A4F7556}") = "ChatBot.Domain.Tests", "test\ChatBot.Domain.Tests\ChatBot.Domain.Tests.csproj", "{8CA4C1E7-9F50-4A61-A649-5CC06590C58E}"
EndProject
Project("{9A19103F-16F7-4668-BE54-9A1E7A4F7556}") = "ChatBot.IntegrationTests", "test\ChatBot.IntegrationTests\ChatBot.IntegrationTests.csproj", "{242A0467-5E1C-457E-AF7F-E42E49C644E6}"
EndProject
Project("{9A19103F-16F7-4668-BE54-9A1E7A4F7556}") = "ChatBot", "src\ChatBot\ChatBot.csproj", "{E4810BEF-BE2F-4B4B-A655-0946F2D2D2A5}"
EndProject
Global
	GlobalSection(SolutionConfigurationPlatforms) = preSolution
		Debug|Any CPU = Debug|Any CPU
		Release|Any CPU = Release|Any CPU
	EndGlobalSection
	GlobalSection(ProjectConfigurationPlatforms) = postSolution
		{11AE79E4-DD5E-421A-A6D3-2C2CE558038F}.Debug|Any CPU.ActiveCfg = Debug|Any CPU
		{11AE79E4-DD5E-421A-A6D3-2C2CE558038F}.Debug|Any CPU.Build.0 = Debug|Any CPU
		{11AE79E4-DD5E-421A-A6D3-2C2CE558038F}.Release|Any CPU.ActiveCfg = Release|Any CPU
		{11AE79E4-DD5E-421A-A6D3-2C2CE558038F}.Release|Any CPU.Build.0 = Release|Any CPU
		{30B8429A-28EC-41E5-8FCC-C0A187C7B7ED}.Debug|Any CPU.ActiveCfg = Debug|Any CPU
		{30B8429A-28EC-41E5-8FCC-C0A187C7B7ED}.Debug|Any CPU.Build.0 = Debug|Any CPU
		{30B8429A-28EC-41E5-8FCC-C0A187C7B7ED}.Release|Any CPU.ActiveCfg = Release|Any CPU
		{30B8429A-28EC-41E5-8FCC-C0A187C7B7ED}.Release|Any CPU.Build.0 = Release|Any CPU
		{8CA4C1E7-9F50-4A61-A649-5CC06590C58E}.Debug|Any CPU.ActiveCfg = Debug|Any CPU
		{8CA4C1E7-9F50-4A61-A649-5CC06590C58E}.Debug|Any CPU.Build.0 = Debug|Any CPU
		{8CA4C1E7-9F50-4A61-A649-5CC06590C58E}.Release|Any CPU.ActiveCfg = Release|Any CPU
		{8CA4C1E7-9F50-4A61-A649-5CC06590C58E}.Release|Any CPU.Build.0 = Release|Any CPU
		{242A0467-5E1C-457E-AF7F-E42E49C644E6}.Debug|Any CPU.ActiveCfg = Debug|Any CPU
		{242A0467-5E1C-457E-AF7F-E42E49C644E6}.Debug|Any CPU.Build.0 = Debug|Any CPU
		{242A0467-5E1C-457E-AF7F-E42E49C644E6}.Release|Any CPU.ActiveCfg = Release|Any CPU
		{242A0467-5E1C-457E-AF7F-E42E49C644E6}.Release|Any CPU.Build.0 = Release|Any CPU
		{E4810BEF-BE2F-4B4B-A655-0946F2D2D2A5}.Debug|Any CPU.ActiveCfg = Debug|Any CPU
		{E4810BEF-BE2F-4B4B-A655-0946F2D2D2A5}.Debug|Any CPU.Build.0 = Debug|Any CPU
		{E4810BEF-BE2F-4B4B-A655-0946F2D2D2A5}.Release|Any CPU.ActiveCfg = Release|Any CPU
		{E4810BEF-BE2F-4B4B-A655-0946F2D2D2A5}.Release|Any CPU.Build.0 = Release|Any CPU
	EndGlobalSection
	GlobalSection(SolutionProperties) = preSolution
		HideSolutionNode = FALSE
	EndGlobalSection
	GlobalSection(NestedProjects) = preSolution
		{11AE79E4-DD5E-421A-A6D3-2C2CE558038F} = {2FD0B5D1-0434-410E-B817-9DCE0221272D}
		{30B8429A-28EC-41E5-8FCC-C0A187C7B7ED} = {2FD0B5D1-0434-410E-B817-9DCE0221272D}
		{8CA4C1E7-9F50-4A61-A649-5CC06590C58E} = {DF543718-50D1-4E7F-ABD9-55CE51CBADC4}
		{242A0467-5E1C-457E-AF7F-E42E49C644E6} = {DF543718-50D1-4E7F-ABD9-55CE51CBADC4}
		{E4810BEF-BE2F-4B4B-A655-0946F2D2D2A5} = {2FD0B5D1-0434-410E-B817-9DCE0221272D}
	EndGlobalSection
	GlobalSection(ExtensibilityGlobals) = postSolution
		SolutionGuid = {881E5947-0C9A-44E9-BA2F-F584EA26850F}
	EndGlobalSection
EndGlobal
